
Microsoft Visual Studio Solution File, Format Version 12.00
# Visual Studio Version 16
VisualStudioVersion = 25.0.1700.7
MinimumVisualStudioVersion = 10.0.40219.1
Project("{FAE04EC0-301F-11D3-BF4B-00C04F79EFBC}") = "RestaurantMenu", "RestaurantMenu\RestaurantMenu.csproj", "{D5BC6BCF-E231-4A75-9B8C-BBDD95FEC522}"
EndProject
Global
	GlobalSection(SolutionConfigurationPlatforms) = preSolution
		Debug|Any CPU = Debug|Any CPU
		Release|Any CPU = Release|Any CPU
	EndGlobalSection
	GlobalSection(ProjectConfigurationPlatforms) = postSolution
		{D5BC6BCF-E231-4A75-9B8C-BBDD95FEC522}.Debug|Any CPU.ActiveCfg = Debug|Any CPU
		{D5BC6BCF-E231-4A75-9B8C-BBDD95FEC522}.Debug|Any CPU.Build.0 = Debug|Any CPU
		{D5BC6BCF-E231-4A75-9B8C-BBDD95FEC522}.Release|Any CPU.ActiveCfg = Release|Any CPU
		{D5BC6BCF-E231-4A75-9B8C-BBDD95FEC522}.Release|Any CPU.Build.0 = Release|Any CPU
	EndGlobalSection
	GlobalSection(SolutionProperties) = preSolution
		HideSolutionNode = FALSE
	EndGlobalSection
	GlobalSection(ExtensibilityGlobals) = postSolution
		SolutionGuid = {C05269EF-C5BB-4CE0-B67A-8C1AF5047A7B}
	EndGlobalSection
EndGlobal
